
Microsoft Visual Studio Solution File, Format Version 12.00
# Visual Studio 15
VisualStudioVersion = 15.0.26730.12
MinimumVisualStudioVersion = 10.0.40219.1
Project("{FAE04EC0-301F-11D3-BF4B-00C04F79EFBC}") = "StackFalse.Core", "StackFalse.Core\StackFalse.Core.csproj", "{E2AAA598-3B2A-4F8A-B34E-BBC8DC501C02}"
EndProject
Project("{FAE04EC0-301F-11D3-BF4B-00C04F79EFBC}") = "StackFalse.Database", "StackFalse.Database\StackFalse.Database.csproj", "{A18CEFFD-8F04-4A92-89B1-318C76718C44}"
EndProject
Project("{FAE04EC0-301F-11D3-BF4B-00C04F79EFBC}") = "StackFalse.Trace", "StackFalse.Trace\StackFalse.Trace.csproj", "{435DB9F9-0E56-4913-A1E4-BA204980C699}"
EndProject
Project("{FAE04EC0-301F-11D3-BF4B-00C04F79EFBC}") = "StackFalse.Net", "StackFalse.Net\StackFalse.Net.csproj", "{A762009A-94F4-4060-9E80-D4B57001DB0B}"
EndProject
Global
	GlobalSection(SolutionConfigurationPlatforms) = preSolution
		CoreOnly|Any CPU = CoreOnly|Any CPU
		Debug_Ubuntu|Any CPU = Debug_Ubuntu|Any CPU
		Debug|Any CPU = Debug|Any CPU
		iOS|Any CPU = iOS|Any CPU
		Net20|Any CPU = Net20|Any CPU
		Profile|Any CPU = Profile|Any CPU
		Release_Ubuntu|Any CPU = Release_Ubuntu|Any CPU
		Release|Any CPU = Release|Any CPU
		Silverlight2|Any CPU = Silverlight2|Any CPU
		Unity|Any CPU = Unity|Any CPU
	EndGlobalSection
	GlobalSection(ProjectConfigurationPlatforms) = postSolution
		{E2AAA598-3B2A-4F8A-B34E-BBC8DC501C02}.CoreOnly|Any CPU.ActiveCfg = Release|Any CPU
		{E2AAA598-3B2A-4F8A-B34E-BBC8DC501C02}.CoreOnly|Any CPU.Build.0 = Release|Any CPU
		{E2AAA598-3B2A-4F8A-B34E-BBC8DC501C02}.Debug_Ubuntu|Any CPU.ActiveCfg = Debug|Any CPU
		{E2AAA598-3B2A-4F8A-B34E-BBC8DC501C02}.Debug_Ubuntu|Any CPU.Build.0 = Debug|Any CPU
		{E2AAA598-3B2A-4F8A-B34E-BBC8DC501C02}.Debug|Any CPU.ActiveCfg = Debug|Any CPU
		{E2AAA598-3B2A-4F8A-B34E-BBC8DC501C02}.Debug|Any CPU.Build.0 = Debug|Any CPU
		{E2AAA598-3B2A-4F8A-B34E-BBC8DC501C02}.iOS|Any CPU.ActiveCfg = Release|Any CPU
		{E2AAA598-3B2A-4F8A-B34E-BBC8DC501C02}.iOS|Any CPU.Build.0 = Release|Any CPU
		{E2AAA598-3B2A-4F8A-B34E-BBC8DC501C02}.Net20|Any CPU.ActiveCfg = Release|Any CPU
		{E2AAA598-3B2A-4F8A-B34E-BBC8DC501C02}.Net20|Any CPU.Build.0 = Release|Any CPU
		{E2AAA598-3B2A-4F8A-B34E-BBC8DC501C02}.Profile|Any CPU.ActiveCfg = Release|Any CPU
		{E2AAA598-3B2A-4F8A-B34E-BBC8DC501C02}.Profile|Any CPU.Build.0 = Release|Any CPU
		{E2AAA598-3B2A-4F8A-B34E-BBC8DC501C02}.Release_Ubuntu|Any CPU.ActiveCfg = Release|Any CPU
		{E2AAA598-3B2A-4F8A-B34E-BBC8DC501C02}.Release_Ubuntu|Any CPU.Build.0 = Release|Any CPU
		{E2AAA598-3B2A-4F8A-B34E-BBC8DC501C02}.Release|Any CPU.ActiveCfg = Release|Any CPU
		{E2AAA598-3B2A-4F8A-B34E-BBC8DC501C02}.Release|Any CPU.Build.0 = Release|Any CPU
		{E2AAA598-3B2A-4F8A-B34E-BBC8DC501C02}.Silverlight2|Any CPU.ActiveCfg = Release|Any CPU
		{E2AAA598-3B2A-4F8A-B34E-BBC8DC501C02}.Silverlight2|Any CPU.Build.0 = Release|Any CPU
		{E2AAA598-3B2A-4F8A-B34E-BBC8DC501C02}.Unity|Any CPU.ActiveCfg = Release|Any CPU
		{E2AAA598-3B2A-4F8A-B34E-BBC8DC501C02}.Unity|Any CPU.Build.0 = Release|Any CPU
		{A18CEFFD-8F04-4A92-89B1-318C76718C44}.CoreOnly|Any CPU.ActiveCfg = Release|Any CPU
		{A18CEFFD-8F04-4A92-89B1-318C76718C44}.CoreOnly|Any CPU.Build.0 = Release|Any CPU
		{A18CEFFD-8F04-4A92-89B1-318C76718C44}.Debug_Ubuntu|Any CPU.ActiveCfg = Debug|Any CPU
		{A18CEFFD-8F04-4A92-89B1-318C76718C44}.Debug_Ubuntu|Any CPU.Build.0 = Debug|Any CPU
		{A18CEFFD-8F04-4A92-89B1-318C76718C44}.Debug|Any CPU.ActiveCfg = Debug|Any CPU
		{A18CEFFD-8F04-4A92-89B1-318C76718C44}.Debug|Any CPU.Build.0 = Debug|Any CPU
		{A18CEFFD-8F04-4A92-89B1-318C76718C44}.iOS|Any CPU.ActiveCfg = Release|Any CPU
		{A18CEFFD-8F04-4A92-89B1-318C76718C44}.iOS|Any CPU.Build.0 = Release|Any CPU
		{A18CEFFD-8F04-4A92-89B1-318C76718C44}.Net20|Any CPU.ActiveCfg = Release|Any CPU
		{A18CEFFD-8F04-4A92-89B1-318C76718C44}.Net20|Any CPU.Build.0 = Release|Any CPU
		{A18CEFFD-8F04-4A92-89B1-318C76718C44}.Profile|Any CPU.ActiveCfg = Release|Any CPU
		{A18CEFFD-8F04-4A92-89B1-318C76718C44}.Profile|Any CPU.Build.0 = Release|Any CPU
		{A18CEFFD-8F04-4A92-89B1-318C76718C44}.Release_Ubuntu|Any CPU.ActiveCfg = Release|Any CPU
		{A18CEFFD-8F04-4A92-89B1-318C76718C44}.Release_Ubuntu|Any CPU.Build.0 = Release|Any CPU
		{A18CEFFD-8F04-4A92-89B1-318C76718C44}.Release|Any CPU.ActiveCfg = Release|Any CPU
		{A18CEFFD-8F04-4A92-89B1-318C76718C44}.Release|Any CPU.Build.0 = Release|Any CPU
		{A18CEFFD-8F04-4A92-89B1-318C76718C44}.Silverlight2|Any CPU.ActiveCfg = Release|Any CPU
		{A18CEFFD-8F04-4A92-89B1-318C76718C44}.Silverlight2|Any CPU.Build.0 = Release|Any CPU
		{A18CEFFD-8F04-4A92-89B1-318C76718C44}.Unity|Any CPU.ActiveCfg = Release|Any CPU
		{A18CEFFD-8F04-4A92-89B1-318C76718C44}.Unity|Any CPU.Build.0 = Release|Any CPU
		{435DB9F9-0E56-4913-A1E4-BA204980C699}.CoreOnly|Any CPU.ActiveCfg = Release|Any CPU
		{435DB9F9-0E56-4913-A1E4-BA204980C699}.CoreOnly|Any CPU.Build.0 = Release|Any CPU
		{435DB9F9-0E56-4913-A1E4-BA204980C699}.Debug_Ubuntu|Any CPU.ActiveCfg = Debug|Any CPU
		{435DB9F9-0E56-4913-A1E4-BA204980C699}.Debug_Ubuntu|Any CPU.Build.0 = Debug|Any CPU
		{435DB9F9-0E56-4913-A1E4-BA204980C699}.Debug|Any CPU.ActiveCfg = Debug|Any CPU
		{435DB9F9-0E56-4913-A1E4-BA204980C699}.Debug|Any CPU.Build.0 = Debug|Any CPU
		{435DB9F9-0E56-4913-A1E4-BA204980C699}.iOS|Any CPU.ActiveCfg = Release|Any CPU
		{435DB9F9-0E56-4913-A1E4-BA204980C699}.iOS|Any CPU.Build.0 = Release|Any CPU
		{435DB9F9-0E56-4913-A1E4-BA204980C699}.Net20|Any CPU.ActiveCfg = Release|Any CPU
		{435DB9F9-0E56-4913-A1E4-BA204980C699}.Net20|Any CPU.Build.0 = Release|Any CPU
		{435DB9F9-0E56-4913-A1E4-BA204980C699}.Profile|Any CPU.ActiveCfg = Release|Any CPU
		{435DB9F9-0E56-4913-A1E4-BA204980C699}.Profile|Any CPU.Build.0 = Release|Any CPU
		{435DB9F9-0E56-4913-A1E4-BA204980C699}.Release_Ubuntu|Any CPU.ActiveCfg = Release|Any CPU
		{435DB9F9-0E56-4913-A1E4-BA204980C699}.Release_Ubuntu|Any CPU.Build.0 = Release|Any CPU
		{435DB9F9-0E56-4913-A1E4-BA204980C699}.Release|Any CPU.ActiveCfg = Release|Any CPU
		{435DB9F9-0E56-4913-A1E4-BA204980C699}.Release|Any CPU.Build.0 = Release|Any CPU
		{435DB9F9-0E56-4913-A1E4-BA204980C699}.Silverlight2|Any CPU.ActiveCfg = Release|Any CPU
		{435DB9F9-0E56-4913-A1E4-BA204980C699}.Silverlight2|Any CPU.Build.0 = Release|Any CPU
		{435DB9F9-0E56-4913-A1E4-BA204980C699}.Unity|Any CPU.ActiveCfg = Release|Any CPU
		{435DB9F9-0E56-4913-A1E4-BA204980C699}.Unity|Any CPU.Build.0 = Release|Any CPU
		{A762009A-94F4-4060-9E80-D4B57001DB0B}.CoreOnly|Any CPU.ActiveCfg = Release|Any CPU
		{A762009A-94F4-4060-9E80-D4B57001DB0B}.CoreOnly|Any CPU.Build.0 = Release|Any CPU
		{A762009A-94F4-4060-9E80-D4B57001DB0B}.Debug_Ubuntu|Any CPU.ActiveCfg = Debug|Any CPU
		{A762009A-94F4-4060-9E80-D4B57001DB0B}.Debug_Ubuntu|Any CPU.Build.0 = Debug|Any CPU
		{A762009A-94F4-4060-9E80-D4B57001DB0B}.Debug|Any CPU.ActiveCfg = Debug|Any CPU
		{A762009A-94F4-4060-9E80-D4B57001DB0B}.Debug|Any CPU.Build.0 = Debug|Any CPU
		{A762009A-94F4-4060-9E80-D4B57001DB0B}.iOS|Any CPU.ActiveCfg = Release|Any CPU
		{A762009A-94F4-4060-9E80-D4B57001DB0B}.iOS|Any CPU.Build.0 = Release|Any CPU
		{A762009A-94F4-4060-9E80-D4B57001DB0B}.Net20|Any CPU.ActiveCfg = Release|Any CPU
		{A762009A-94F4-4060-9E80-D4B57001DB0B}.Net20|Any CPU.Build.0 = Release|Any CPU
		{A762009A-94F4-4060-9E80-D4B57001DB0B}.Profile|Any CPU.ActiveCfg = Release|Any CPU
		{A762009A-94F4-4060-9E80-D4B57001DB0B}.Profile|Any CPU.Build.0 = Release|Any CPU
		{A762009A-94F4-4060-9E80-D4B57001DB0B}.Release_Ubuntu|Any CPU.ActiveCfg = Release|Any CPU
		{A762009A-94F4-4060-9E80-D4B57001DB0B}.Release_Ubuntu|Any CPU.Build.0 = Release|Any CPU
		{A762009A-94F4-4060-9E80-D4B57001DB0B}.Release|Any CPU.ActiveCfg = Release|Any CPU
		{A762009A-94F4-4060-9E80-D4B57001DB0B}.Release|Any CPU.Build.0 = Release|Any CPU
		{A762009A-94F4-4060-9E80-D4B57001DB0B}.Silverlight2|Any CPU.ActiveCfg = Release|Any CPU
		{A762009A-94F4-4060-9E80-D4B57001DB0B}.Silverlight2|Any CPU.Build.0 = Release|Any CPU
		{A762009A-94F4-4060-9E80-D4B57001DB0B}.Unity|Any CPU.ActiveCfg = Release|Any CPU
		{A762009A-94F4-4060-9E80-D4B57001DB0B}.Unity|Any CPU.Build.0 = Release|Any CPU
	EndGlobalSection
	GlobalSection(SolutionProperties) = preSolution
		HideSolutionNode = FALSE
	EndGlobalSection
	GlobalSection(ExtensibilityGlobals) = postSolution
		SolutionGuid = {2187A5EA-8880-44E3-8C44-8A56BF2821FB}
	EndGlobalSection
EndGlobal
